// !$*UTF8*$!
{
	archiveVersion = 1;
	classes = {
	};
	objectVersion = 56;
	objects = {

/* Begin PBXBuildFile section */
		2B536E3D2B337128004D4E45 /* Extension - UIViewController.swift in Sources */ = {isa = PBXBuildFile; fileRef = 2B536E3C2B337128004D4E45 /* Extension - UIViewController.swift */; };
		2B536E422B3371CA004D4E45 /* CategoryView.swift in Sources */ = {isa = PBXBuildFile; fileRef = 2B536E412B3371CA004D4E45 /* CategoryView.swift */; };
		2B536E442B3371D5004D4E45 /* CategoryViewController.swift in Sources */ = {isa = PBXBuildFile; fileRef = 2B536E432B3371D5004D4E45 /* CategoryViewController.swift */; };
		2B536E472B358487004D4E45 /* CategoryViewModel.swift in Sources */ = {isa = PBXBuildFile; fileRef = 2B536E462B358487004D4E45 /* CategoryViewModel.swift */; };
		2B6CF5EA2B2B582600B036A2 /* ItemsView.swift in Sources */ = {isa = PBXBuildFile; fileRef = 2B6CF5E92B2B582600B036A2 /* ItemsView.swift */; };
		2B6CF5EC2B2B5B1200B036A2 /* ItemsViewModel.swift in Sources */ = {isa = PBXBuildFile; fileRef = 2B6CF5EB2B2B5B1200B036A2 /* ItemsViewModel.swift */; };
		2B6CF5F52B2B673600B036A2 /* CategoriesTableViewCellView.swift in Sources */ = {isa = PBXBuildFile; fileRef = 2B6CF5F42B2B673600B036A2 /* CategoriesTableViewCellView.swift */; };
		2B6CF5F72B2B674500B036A2 /* CategoriesTableViewCell.swift in Sources */ = {isa = PBXBuildFile; fileRef = 2B6CF5F62B2B674500B036A2 /* CategoriesTableViewCell.swift */; };
		2B6CF5FA2B2B69D900B036A2 /* Extension + UIView.swift in Sources */ = {isa = PBXBuildFile; fileRef = 2B6CF5F92B2B69D900B036A2 /* Extension + UIView.swift */; };
		2BAD558A2B309C7800CC0598 /* CoreDataModel.xcdatamodeld in Sources */ = {isa = PBXBuildFile; fileRef = 2BAD55872B309C7800CC0598 /* CoreDataModel.xcdatamodeld */; };
		2BC3BE982B2A02A400EB0654 /* AppDelegate.swift in Sources */ = {isa = PBXBuildFile; fileRef = 2BC3BE972B2A02A400EB0654 /* AppDelegate.swift */; };
		2BC3BE9A2B2A02A400EB0654 /* SceneDelegate.swift in Sources */ = {isa = PBXBuildFile; fileRef = 2BC3BE992B2A02A400EB0654 /* SceneDelegate.swift */; };
		2BC3BE9C2B2A02A400EB0654 /* ItemsViewController.swift in Sources */ = {isa = PBXBuildFile; fileRef = 2BC3BE9B2B2A02A400EB0654 /* ItemsViewController.swift */; };
		2BC3BEA12B2A02A700EB0654 /* Assets.xcassets in Resources */ = {isa = PBXBuildFile; fileRef = 2BC3BEA02B2A02A700EB0654 /* Assets.xcassets */; };
		2BC3BEA42B2A02A700EB0654 /* LaunchScreen.storyboard in Resources */ = {isa = PBXBuildFile; fileRef = 2BC3BEA22B2A02A700EB0654 /* LaunchScreen.storyboard */; };
		2BC6A2252B2CCF8A00C2D442 /* AlertAddNew.swift in Sources */ = {isa = PBXBuildFile; fileRef = 2BC6A2242B2CCF8A00C2D442 /* AlertAddNew.swift */; };
		2BFDAD0E2B3ADC000023B31D /* Realm in Frameworks */ = {isa = PBXBuildFile; productRef = 2BFDAD0D2B3ADC000023B31D /* Realm */; };
		2BFDAD102B3ADC000023B31D /* RealmSwift in Frameworks */ = {isa = PBXBuildFile; productRef = 2BFDAD0F2B3ADC000023B31D /* RealmSwift */; };
		2BFDAD122B3ADE7D0023B31D /* ItemsDataModel.swift in Sources */ = {isa = PBXBuildFile; fileRef = 2BFDAD112B3ADE7D0023B31D /* ItemsDataModel.swift */; };
		2BFDAD142B3AEB3C0023B31D /* CategoriesDataModel.swift in Sources */ = {isa = PBXBuildFile; fileRef = 2BFDAD132B3AEB3B0023B31D /* CategoriesDataModel.swift */; };
/* End PBXBuildFile section */

/* Begin PBXFileReference section */
		2B536E3C2B337128004D4E45 /* Extension - UIViewController.swift */ = {isa = PBXFileReference; lastKnownFileType = sourcecode.swift; path = "Extension - UIViewController.swift"; sourceTree = "<group>"; };
		2B536E412B3371CA004D4E45 /* CategoryView.swift */ = {isa = PBXFileReference; lastKnownFileType = sourcecode.swift; path = CategoryView.swift; sourceTree = "<group>"; };
		2B536E432B3371D5004D4E45 /* CategoryViewController.swift */ = {isa = PBXFileReference; lastKnownFileType = sourcecode.swift; path = CategoryViewController.swift; sourceTree = "<group>"; };
		2B536E462B358487004D4E45 /* CategoryViewModel.swift */ = {isa = PBXFileReference; lastKnownFileType = sourcecode.swift; path = CategoryViewModel.swift; sourceTree = "<group>"; };
		2B6CF5E92B2B582600B036A2 /* ItemsView.swift */ = {isa = PBXFileReference; lastKnownFileType = sourcecode.swift; path = ItemsView.swift; sourceTree = "<group>"; };
		2B6CF5EB2B2B5B1200B036A2 /* ItemsViewModel.swift */ = {isa = PBXFileReference; lastKnownFileType = sourcecode.swift; path = ItemsViewModel.swift; sourceTree = "<group>"; };
		2B6CF5F42B2B673600B036A2 /* CategoriesTableViewCellView.swift */ = {isa = PBXFileReference; lastKnownFileType = sourcecode.swift; path = CategoriesTableViewCellView.swift; sourceTree = "<group>"; };
		2B6CF5F62B2B674500B036A2 /* CategoriesTableViewCell.swift */ = {isa = PBXFileReference; lastKnownFileType = sourcecode.swift; path = CategoriesTableViewCell.swift; sourceTree = "<group>"; };
		2B6CF5F92B2B69D900B036A2 /* Extension + UIView.swift */ = {isa = PBXFileReference; lastKnownFileType = sourcecode.swift; path = "Extension + UIView.swift"; sourceTree = "<group>"; };
		2BAD55882B309C7800CC0598 /* CoreData Model.xcdatamodel */ = {isa = PBXFileReference; lastKnownFileType = wrapper.xcdatamodel; path = "CoreData Model.xcdatamodel"; sourceTree = "<group>"; };
		2BAD55892B309C7800CC0598 /* CoreDataModel.xcdatamodel */ = {isa = PBXFileReference; lastKnownFileType = wrapper.xcdatamodel; path = CoreDataModel.xcdatamodel; sourceTree = "<group>"; };
		2BC3BE942B2A02A400EB0654 /* to-do-ey.app */ = {isa = PBXFileReference; explicitFileType = wrapper.application; includeInIndex = 0; path = "to-do-ey.app"; sourceTree = BUILT_PRODUCTS_DIR; };
		2BC3BE972B2A02A400EB0654 /* AppDelegate.swift */ = {isa = PBXFileReference; lastKnownFileType = sourcecode.swift; path = AppDelegate.swift; sourceTree = "<group>"; };
		2BC3BE992B2A02A400EB0654 /* SceneDelegate.swift */ = {isa = PBXFileReference; lastKnownFileType = sourcecode.swift; path = SceneDelegate.swift; sourceTree = "<group>"; };
		2BC3BE9B2B2A02A400EB0654 /* ItemsViewController.swift */ = {isa = PBXFileReference; lastKnownFileType = sourcecode.swift; path = ItemsViewController.swift; sourceTree = "<group>"; };
		2BC3BEA02B2A02A700EB0654 /* Assets.xcassets */ = {isa = PBXFileReference; lastKnownFileType = folder.assetcatalog; path = Assets.xcassets; sourceTree = "<group>"; };
		2BC3BEA32B2A02A700EB0654 /* Base */ = {isa = PBXFileReference; lastKnownFileType = file.storyboard; name = Base; path = Base.lproj/LaunchScreen.storyboard; sourceTree = "<group>"; };
		2BC3BEA52B2A02A700EB0654 /* Info.plist */ = {isa = PBXFileReference; lastKnownFileType = text.plist.xml; path = Info.plist; sourceTree = "<group>"; };
		2BC6A2242B2CCF8A00C2D442 /* AlertAddNew.swift */ = {isa = PBXFileReference; lastKnownFileType = sourcecode.swift; path = AlertAddNew.swift; sourceTree = "<group>"; };
		2BFDAD112B3ADE7D0023B31D /* ItemsDataModel.swift */ = {isa = PBXFileReference; lastKnownFileType = sourcecode.swift; path = ItemsDataModel.swift; sourceTree = "<group>"; };
		2BFDAD132B3AEB3B0023B31D /* CategoriesDataModel.swift */ = {isa = PBXFileReference; lastKnownFileType = sourcecode.swift; path = CategoriesDataModel.swift; sourceTree = "<group>"; };
/* End PBXFileReference section */

/* Begin PBXFrameworksBuildPhase section */
		2BC3BE912B2A02A400EB0654 /* Frameworks */ = {
			isa = PBXFrameworksBuildPhase;
			buildActionMask = 2147483647;
			files = (
				2BFDAD102B3ADC000023B31D /* RealmSwift in Frameworks */,
				2BFDAD0E2B3ADC000023B31D /* Realm in Frameworks */,
			);
			runOnlyForDeploymentPostprocessing = 0;
		};
/* End PBXFrameworksBuildPhase section */

/* Begin PBXGroup section */
		2B536E3E2B3371AB004D4E45 /* Category */ = {
			isa = PBXGroup;
			children = (
				2B536E452B358473004D4E45 /* ViewModel */,
				2B536E402B3371BA004D4E45 /* View */,
				2B536E3F2B3371B5004D4E45 /* View Controller */,
			);
			path = Category;
			sourceTree = "<group>";
		};
		2B536E3F2B3371B5004D4E45 /* View Controller */ = {
			isa = PBXGroup;
			children = (
				2B536E432B3371D5004D4E45 /* CategoryViewController.swift */,
			);
			path = "View Controller";
			sourceTree = "<group>";
		};
		2B536E402B3371BA004D4E45 /* View */ = {
			isa = PBXGroup;
			children = (
				2B536E412B3371CA004D4E45 /* CategoryView.swift */,
			);
			path = View;
			sourceTree = "<group>";
		};
		2B536E452B358473004D4E45 /* ViewModel */ = {
			isa = PBXGroup;
			children = (
				2B536E462B358487004D4E45 /* CategoryViewModel.swift */,
			);
			path = ViewModel;
			sourceTree = "<group>";
		};
		2B6CF5E42B2B324E00B036A2 /* Supporting */ = {
			isa = PBXGroup;
			children = (
				2BC3BE972B2A02A400EB0654 /* AppDelegate.swift */,
				2BC3BE992B2A02A400EB0654 /* SceneDelegate.swift */,
				2BC3BEA02B2A02A700EB0654 /* Assets.xcassets */,
				2BC3BEA22B2A02A700EB0654 /* LaunchScreen.storyboard */,
			);
			path = Supporting;
			sourceTree = "<group>";
		};
		2B6CF5E52B2B325400B036A2 /* Items */ = {
			isa = PBXGroup;
			children = (
				2B6CF5E82B2B355700B036A2 /* View Controller */,
				2B6CF5E72B2B355000B036A2 /* View Model */,
				2B6CF5E62B2B354900B036A2 /* View */,
			);
			path = Items;
			sourceTree = "<group>";
		};
		2B6CF5E62B2B354900B036A2 /* View */ = {
			isa = PBXGroup;
			children = (
				2B6CF5E92B2B582600B036A2 /* ItemsView.swift */,
			);
			path = View;
			sourceTree = "<group>";
		};
		2B6CF5E72B2B355000B036A2 /* View Model */ = {
			isa = PBXGroup;
			children = (
				2B6CF5EB2B2B5B1200B036A2 /* ItemsViewModel.swift */,
			);
			name = "View Model";
			path = "New Group1";
			sourceTree = "<group>";
		};
		2B6CF5E82B2B355700B036A2 /* View Controller */ = {
			isa = PBXGroup;
			children = (
				2BC3BE9B2B2A02A400EB0654 /* ItemsViewController.swift */,
			);
			name = "View Controller";
			path = "New Group1";
			sourceTree = "<group>";
		};
		2B6CF5F02B2B670300B036A2 /* TableView Cells */ = {
			isa = PBXGroup;
			children = (
				2B6CF5F12B2B671000B036A2 /* Categories */,
			);
			path = "TableView Cells";
			sourceTree = "<group>";
		};
		2B6CF5F12B2B671000B036A2 /* Categories */ = {
			isa = PBXGroup;
			children = (
				2B6CF5F32B2B672200B036A2 /* View Controller */,
				2B6CF5F22B2B671C00B036A2 /* View */,
			);
			path = Categories;
			sourceTree = "<group>";
		};
		2B6CF5F22B2B671C00B036A2 /* View */ = {
			isa = PBXGroup;
			children = (
				2B6CF5F42B2B673600B036A2 /* CategoriesTableViewCellView.swift */,
			);
			path = View;
			sourceTree = "<group>";
		};
		2B6CF5F32B2B672200B036A2 /* View Controller */ = {
			isa = PBXGroup;
			children = (
				2B6CF5F62B2B674500B036A2 /* CategoriesTableViewCell.swift */,
			);
			path = "View Controller";
			sourceTree = "<group>";
		};
		2B6CF5F82B2B69BB00B036A2 /* Extension */ = {
			isa = PBXGroup;
			children = (
				2B6CF5F92B2B69D900B036A2 /* Extension + UIView.swift */,
				2B536E3C2B337128004D4E45 /* Extension - UIViewController.swift */,
			);
			path = Extension;
			sourceTree = "<group>";
		};
		2BC3BE8B2B2A02A400EB0654 = {
			isa = PBXGroup;
			children = (
				2BC3BE962B2A02A400EB0654 /* to-do-ey */,
				2BC3BE952B2A02A400EB0654 /* Products */,
			);
			sourceTree = "<group>";
		};
		2BC3BE952B2A02A400EB0654 /* Products */ = {
			isa = PBXGroup;
			children = (
				2BC3BE942B2A02A400EB0654 /* to-do-ey.app */,
			);
			name = Products;
			sourceTree = "<group>";
		};
		2BC3BE962B2A02A400EB0654 /* to-do-ey */ = {
			isa = PBXGroup;
			children = (
				2BC6A2262B2E267A00C2D442 /* Model */,
				2BC6A2232B2CCF7900C2D442 /* Alerts */,
				2B6CF5F82B2B69BB00B036A2 /* Extension */,
				2B6CF5F02B2B670300B036A2 /* TableView Cells */,
				2B536E3E2B3371AB004D4E45 /* Category */,
				2B6CF5E52B2B325400B036A2 /* Items */,
				2B6CF5E42B2B324E00B036A2 /* Supporting */,
				2BC3BEA52B2A02A700EB0654 /* Info.plist */,
			);
			path = "to-do-ey";
			sourceTree = "<group>";
		};
		2BC6A2232B2CCF7900C2D442 /* Alerts */ = {
			isa = PBXGroup;
			children = (
				2BC6A2242B2CCF8A00C2D442 /* AlertAddNew.swift */,
			);
			path = Alerts;
			sourceTree = "<group>";
		};
		2BC6A2262B2E267A00C2D442 /* Model */ = {
			isa = PBXGroup;
			children = (
				2BAD55872B309C7800CC0598 /* CoreDataModel.xcdatamodeld */,
				2BFDAD112B3ADE7D0023B31D /* ItemsDataModel.swift */,
				2BFDAD132B3AEB3B0023B31D /* CategoriesDataModel.swift */,
			);
			path = Model;
			sourceTree = "<group>";
		};
/* End PBXGroup section */

/* Begin PBXNativeTarget section */
		2BC3BE932B2A02A400EB0654 /* to-do-ey */ = {
			isa = PBXNativeTarget;
			buildConfigurationList = 2BC3BEA82B2A02A700EB0654 /* Build configuration list for PBXNativeTarget "to-do-ey" */;
			buildPhases = (
				2BC3BE902B2A02A400EB0654 /* Sources */,
				2BC3BE912B2A02A400EB0654 /* Frameworks */,
				2BC3BE922B2A02A400EB0654 /* Resources */,
			);
			buildRules = (
			);
			dependencies = (
			);
			name = "to-do-ey";
			packageProductDependencies = (
				2BFDAD0D2B3ADC000023B31D /* Realm */,
				2BFDAD0F2B3ADC000023B31D /* RealmSwift */,
			);
			productName = "to-do-ey";
			productReference = 2BC3BE942B2A02A400EB0654 /* to-do-ey.app */;
			productType = "com.apple.product-type.application";
		};
/* End PBXNativeTarget section */

/* Begin PBXProject section */
		2BC3BE8C2B2A02A400EB0654 /* Project object */ = {
			isa = PBXProject;
			attributes = {
				BuildIndependentTargetsInParallel = 1;
				LastSwiftUpdateCheck = 1510;
				LastUpgradeCheck = 1510;
				TargetAttributes = {
					2BC3BE932B2A02A400EB0654 = {
						CreatedOnToolsVersion = 15.1;
					};
				};
			};
			buildConfigurationList = 2BC3BE8F2B2A02A400EB0654 /* Build configuration list for PBXProject "to-do-ey" */;
			compatibilityVersion = "Xcode 14.0";
			developmentRegion = en;
			hasScannedForEncodings = 0;
			knownRegions = (
				en,
				Base,
			);
			mainGroup = 2BC3BE8B2B2A02A400EB0654;
			packageReferences = (
				2BFDAD0C2B3ADC000023B31D /* XCRemoteSwiftPackageReference "realm-swift" */,
			);
			productRefGroup = 2BC3BE952B2A02A400EB0654 /* Products */;
			projectDirPath = "";
			projectRoot = "";
			targets = (
				2BC3BE932B2A02A400EB0654 /* to-do-ey */,
			);
		};
/* End PBXProject section */

/* Begin PBXResourcesBuildPhase section */
		2BC3BE922B2A02A400EB0654 /* Resources */ = {
			isa = PBXResourcesBuildPhase;
			buildActionMask = 2147483647;
			files = (
				2BC3BEA42B2A02A700EB0654 /* LaunchScreen.storyboard in Resources */,
				2BC3BEA12B2A02A700EB0654 /* Assets.xcassets in Resources */,
			);
			runOnlyForDeploymentPostprocessing = 0;
		};
/* End PBXResourcesBuildPhase section */

/* Begin PBXSourcesBuildPhase section */
		2BC3BE902B2A02A400EB0654 /* Sources */ = {
			isa = PBXSourcesBuildPhase;
			buildActionMask = 2147483647;
			files = (
				2B536E472B358487004D4E45 /* CategoryViewModel.swift in Sources */,
				2B6CF5F52B2B673600B036A2 /* CategoriesTableViewCellView.swift in Sources */,
				2BAD558A2B309C7800CC0598 /* CoreDataModel.xcdatamodeld in Sources */,
				2B536E422B3371CA004D4E45 /* CategoryView.swift in Sources */,
				2BC3BE9C2B2A02A400EB0654 /* ItemsViewController.swift in Sources */,
				2BFDAD142B3AEB3C0023B31D /* CategoriesDataModel.swift in Sources */,
				2BFDAD122B3ADE7D0023B31D /* ItemsDataModel.swift in Sources */,
				2B6CF5EA2B2B582600B036A2 /* ItemsView.swift in Sources */,
				2BC3BE982B2A02A400EB0654 /* AppDelegate.swift in Sources */,
				2BC6A2252B2CCF8A00C2D442 /* AlertAddNew.swift in Sources */,
				2B6CF5FA2B2B69D900B036A2 /* Extension + UIView.swift in Sources */,
				2B6CF5EC2B2B5B1200B036A2 /* ItemsViewModel.swift in Sources */,
				2B6CF5F72B2B674500B036A2 /* CategoriesTableViewCell.swift in Sources */,
				2B536E442B3371D5004D4E45 /* CategoryViewController.swift in Sources */,
				2BC3BE9A2B2A02A400EB0654 /* SceneDelegate.swift in Sources */,
				2B536E3D2B337128004D4E45 /* Extension - UIViewController.swift in Sources */,
			);
			runOnlyForDeploymentPostprocessing = 0;
		};
/* End PBXSourcesBuildPhase section */

/* Begin PBXVariantGroup section */
		2BC3BEA22B2A02A700EB0654 /* LaunchScreen.storyboard */ = {
			isa = PBXVariantGroup;
			children = (
				2BC3BEA32B2A02A700EB0654 /* Base */,
			);
			name = LaunchScreen.storyboard;
			sourceTree = "<group>";
		};
/* End PBXVariantGroup section */

/* Begin XCBuildConfiguration section */
		2BC3BEA62B2A02A700EB0654 /* Debug */ = {
			isa = XCBuildConfiguration;
			buildSettings = {
				ALWAYS_SEARCH_USER_PATHS = NO;
				ASSETCATALOG_COMPILER_GENERATE_SWIFT_ASSET_SYMBOL_EXTENSIONS = YES;
				CLANG_ANALYZER_NONNULL = YES;
				CLANG_ANALYZER_NUMBER_OBJECT_CONVERSION = YES_AGGRESSIVE;
				CLANG_CXX_LANGUAGE_STANDARD = "gnu++20";
				CLANG_ENABLE_MODULES = YES;
				CLANG_ENABLE_OBJC_ARC = YES;
				CLANG_ENABLE_OBJC_WEAK = YES;
				CLANG_WARN_BLOCK_CAPTURE_AUTORELEASING = YES;
				CLANG_WARN_BOOL_CONVERSION = YES;
				CLANG_WARN_COMMA = YES;
				CLANG_WARN_CONSTANT_CONVERSION = YES;
				CLANG_WARN_DEPRECATED_OBJC_IMPLEMENTATIONS = YES;
				CLANG_WARN_DIRECT_OBJC_ISA_USAGE = YES_ERROR;
				CLANG_WARN_DOCUMENTATION_COMMENTS = YES;
				CLANG_WARN_EMPTY_BODY = YES;
				CLANG_WARN_ENUM_CONVERSION = YES;
				CLANG_WARN_INFINITE_RECURSION = YES;
				CLANG_WARN_INT_CONVERSION = YES;
				CLANG_WARN_NON_LITERAL_NULL_CONVERSION = YES;
				CLANG_WARN_OBJC_IMPLICIT_RETAIN_SELF = YES;
				CLANG_WARN_OBJC_LITERAL_CONVERSION = YES;
				CLANG_WARN_OBJC_ROOT_CLASS = YES_ERROR;
				CLANG_WARN_QUOTED_INCLUDE_IN_FRAMEWORK_HEADER = YES;
				CLANG_WARN_RANGE_LOOP_ANALYSIS = YES;
				CLANG_WARN_STRICT_PROTOTYPES = YES;
				CLANG_WARN_SUSPICIOUS_MOVE = YES;
				CLANG_WARN_UNGUARDED_AVAILABILITY = YES_AGGRESSIVE;
				CLANG_WARN_UNREACHABLE_CODE = YES;
				CLANG_WARN__DUPLICATE_METHOD_MATCH = YES;
				COPY_PHASE_STRIP = NO;
				DEBUG_INFORMATION_FORMAT = dwarf;
				ENABLE_STRICT_OBJC_MSGSEND = YES;
				ENABLE_TESTABILITY = YES;
				ENABLE_USER_SCRIPT_SANDBOXING = YES;
				GCC_C_LANGUAGE_STANDARD = gnu17;
				GCC_DYNAMIC_NO_PIC = NO;
				GCC_NO_COMMON_BLOCKS = YES;
				GCC_OPTIMIZATION_LEVEL = 0;
				GCC_PREPROCESSOR_DEFINITIONS = (
					"DEBUG=1",
					"$(inherited)",
				);
				GCC_WARN_64_TO_32_BIT_CONVERSION = YES;
				GCC_WARN_ABOUT_RETURN_TYPE = YES_ERROR;
				GCC_WARN_UNDECLARED_SELECTOR = YES;
				GCC_WARN_UNINITIALIZED_AUTOS = YES_AGGRESSIVE;
				GCC_WARN_UNUSED_FUNCTION = YES;
				GCC_WARN_UNUSED_VARIABLE = YES;
				IPHONEOS_DEPLOYMENT_TARGET = 17.2;
				LOCALIZATION_PREFERS_STRING_CATALOGS = YES;
				MTL_ENABLE_DEBUG_INFO = INCLUDE_SOURCE;
				MTL_FAST_MATH = YES;
				ONLY_ACTIVE_ARCH = YES;
				SDKROOT = iphoneos;
				SWIFT_ACTIVE_COMPILATION_CONDITIONS = "DEBUG $(inherited)";
				SWIFT_OPTIMIZATION_LEVEL = "-Onone";
			};
			name = Debug;
		};
		2BC3BEA72B2A02A700EB0654 /* Release */ = {
			isa = XCBuildConfiguration;
			buildSettings = {
				ALWAYS_SEARCH_USER_PATHS = NO;
				ASSETCATALOG_COMPILER_GENERATE_SWIFT_ASSET_SYMBOL_EXTENSIONS = YES;
				CLANG_ANALYZER_NONNULL = YES;
				CLANG_ANALYZER_NUMBER_OBJECT_CONVERSION = YES_AGGRESSIVE;
				CLANG_CXX_LANGUAGE_STANDARD = "gnu++20";
				CLANG_ENABLE_MODULES = YES;
				CLANG_ENABLE_OBJC_ARC = YES;
				CLANG_ENABLE_OBJC_WEAK = YES;
				CLANG_WARN_BLOCK_CAPTURE_AUTORELEASING = YES;
				CLANG_WARN_BOOL_CONVERSION = YES;
				CLANG_WARN_COMMA = YES;
				CLANG_WARN_CONSTANT_CONVERSION = YES;
				CLANG_WARN_DEPRECATED_OBJC_IMPLEMENTATIONS = YES;
				CLANG_WARN_DIRECT_OBJC_ISA_USAGE = YES_ERROR;
				CLANG_WARN_DOCUMENTATION_COMMENTS = YES;
				CLANG_WARN_EMPTY_BODY = YES;
				CLANG_WARN_ENUM_CONVERSION = YES;
				CLANG_WARN_INFINITE_RECURSION = YES;
				CLANG_WARN_INT_CONVERSION = YES;
				CLANG_WARN_NON_LITERAL_NULL_CONVERSION = YES;
				CLANG_WARN_OBJC_IMPLICIT_RETAIN_SELF = YES;
				CLANG_WARN_OBJC_LITERAL_CONVERSION = YES;
				CLANG_WARN_OBJC_ROOT_CLASS = YES_ERROR;
				CLANG_WARN_QUOTED_INCLUDE_IN_FRAMEWORK_HEADER = YES;
				CLANG_WARN_RANGE_LOOP_ANALYSIS = YES;
				CLANG_WARN_STRICT_PROTOTYPES = YES;
				CLANG_WARN_SUSPICIOUS_MOVE = YES;
				CLANG_WARN_UNGUARDED_AVAILABILITY = YES_AGGRESSIVE;
				CLANG_WARN_UNREACHABLE_CODE = YES;
				CLANG_WARN__DUPLICATE_METHOD_MATCH = YES;
				COPY_PHASE_STRIP = NO;
				DEBUG_INFORMATION_FORMAT = "dwarf-with-dsym";
				ENABLE_NS_ASSERTIONS = NO;
				ENABLE_STRICT_OBJC_MSGSEND = YES;
				ENABLE_USER_SCRIPT_SANDBOXING = YES;
				GCC_C_LANGUAGE_STANDARD = gnu17;
				GCC_NO_COMMON_BLOCKS = YES;
				GCC_WARN_64_TO_32_BIT_CONVERSION = YES;
				GCC_WARN_ABOUT_RETURN_TYPE = YES_ERROR;
				GCC_WARN_UNDECLARED_SELECTOR = YES;
				GCC_WARN_UNINITIALIZED_AUTOS = YES_AGGRESSIVE;
				GCC_WARN_UNUSED_FUNCTION = YES;
				GCC_WARN_UNUSED_VARIABLE = YES;
				IPHONEOS_DEPLOYMENT_TARGET = 17.2;
				LOCALIZATION_PREFERS_STRING_CATALOGS = YES;
				MTL_ENABLE_DEBUG_INFO = NO;
				MTL_FAST_MATH = YES;
				SDKROOT = iphoneos;
				SWIFT_COMPILATION_MODE = wholemodule;
				VALIDATE_PRODUCT = YES;
			};
			name = Release;
		};
		2BC3BEA92B2A02A700EB0654 /* Debug */ = {
			isa = XCBuildConfiguration;
			buildSettings = {
				ASSETCATALOG_COMPILER_APPICON_NAME = AppIcon;
				ASSETCATALOG_COMPILER_GLOBAL_ACCENT_COLOR_NAME = AccentColor;
				CODE_SIGN_STYLE = Automatic;
				CURRENT_PROJECT_VERSION = 1;
				DEVELOPMENT_TEAM = FH99D278L8;
				GENERATE_INFOPLIST_FILE = YES;
				INFOPLIST_FILE = "to-do-ey/Info.plist";
				INFOPLIST_KEY_UIApplicationSupportsIndirectInputEvents = YES;
				INFOPLIST_KEY_UILaunchStoryboardName = LaunchScreen;
				INFOPLIST_KEY_UISupportedInterfaceOrientations_iPad = "UIInterfaceOrientationPortrait UIInterfaceOrientationPortraitUpsideDown UIInterfaceOrientationLandscapeLeft UIInterfaceOrientationLandscapeRight";
				INFOPLIST_KEY_UISupportedInterfaceOrientations_iPhone = "UIInterfaceOrientationPortrait UIInterfaceOrientationLandscapeLeft UIInterfaceOrientationLandscapeRight";
				LD_RUNPATH_SEARCH_PATHS = (
					"$(inherited)",
					"@executable_path/Frameworks",
				);
				MARKETING_VERSION = 1.0;
				PRODUCT_BUNDLE_IDENTIFIER = "guilhermebrv.to-do-ey";
				PRODUCT_NAME = "$(TARGET_NAME)";
				SUPPORTED_PLATFORMS = "iphoneos iphonesimulator";
				SUPPORTS_MACCATALYST = NO;
				SUPPORTS_MAC_DESIGNED_FOR_IPHONE_IPAD = NO;
				SWIFT_EMIT_LOC_STRINGS = YES;
				SWIFT_VERSION = 5.0;
				TARGETED_DEVICE_FAMILY = 1;
			};
			name = Debug;
		};
		2BC3BEAA2B2A02A700EB0654 /* Release */ = {
			isa = XCBuildConfiguration;
			buildSettings = {
				ASSETCATALOG_COMPILER_APPICON_NAME = AppIcon;
				ASSETCATALOG_COMPILER_GLOBAL_ACCENT_COLOR_NAME = AccentColor;
				CODE_SIGN_STYLE = Automatic;
				CURRENT_PROJECT_VERSION = 1;
				DEVELOPMENT_TEAM = FH99D278L8;
				GENERATE_INFOPLIST_FILE = YES;
				INFOPLIST_FILE = "to-do-ey/Info.plist";
				INFOPLIST_KEY_UIApplicationSupportsIndirectInputEvents = YES;
				INFOPLIST_KEY_UILaunchStoryboardName = LaunchScreen;
				INFOPLIST_KEY_UISupportedInterfaceOrientations_iPad = "UIInterfaceOrientationPortrait UIInterfaceOrientationPortraitUpsideDown UIInterfaceOrientationLandscapeLeft UIInterfaceOrientationLandscapeRight";
				INFOPLIST_KEY_UISupportedInterfaceOrientations_iPhone = "UIInterfaceOrientationPortrait UIInterfaceOrientationLandscapeLeft UIInterfaceOrientationLandscapeRight";
				LD_RUNPATH_SEARCH_PATHS = (
					"$(inherited)",
					"@executable_path/Frameworks",
				);
				MARKETING_VERSION = 1.0;
				PRODUCT_BUNDLE_IDENTIFIER = "guilhermebrv.to-do-ey";
				PRODUCT_NAME = "$(TARGET_NAME)";
				SUPPORTED_PLATFORMS = "iphoneos iphonesimulator";
				SUPPORTS_MACCATALYST = NO;
				SUPPORTS_MAC_DESIGNED_FOR_IPHONE_IPAD = NO;
				SWIFT_EMIT_LOC_STRINGS = YES;
				SWIFT_VERSION = 5.0;
				TARGETED_DEVICE_FAMILY = 1;
			};
			name = Release;
		};
/* End XCBuildConfiguration section */

/* Begin XCConfigurationList section */
		2BC3BE8F2B2A02A400EB0654 /* Build configuration list for PBXProject "to-do-ey" */ = {
			isa = XCConfigurationList;
			buildConfigurations = (
				2BC3BEA62B2A02A700EB0654 /* Debug */,
				2BC3BEA72B2A02A700EB0654 /* Release */,
			);
			defaultConfigurationIsVisible = 0;
			defaultConfigurationName = Release;
		};
		2BC3BEA82B2A02A700EB0654 /* Build configuration list for PBXNativeTarget "to-do-ey" */ = {
			isa = XCConfigurationList;
			buildConfigurations = (
				2BC3BEA92B2A02A700EB0654 /* Debug */,
				2BC3BEAA2B2A02A700EB0654 /* Release */,
			);
			defaultConfigurationIsVisible = 0;
			defaultConfigurationName = Release;
		};
/* End XCConfigurationList section */

/* Begin XCRemoteSwiftPackageReference section */
		2BFDAD0C2B3ADC000023B31D /* XCRemoteSwiftPackageReference "realm-swift" */ = {
			isa = XCRemoteSwiftPackageReference;
			repositoryURL = "https://github.com/realm/realm-swift.git";
			requirement = {
				branch = master;
				kind = branch;
			};
		};
/* End XCRemoteSwiftPackageReference section */

/* Begin XCSwiftPackageProductDependency section */
		2BFDAD0D2B3ADC000023B31D /* Realm */ = {
			isa = XCSwiftPackageProductDependency;
			package = 2BFDAD0C2B3ADC000023B31D /* XCRemoteSwiftPackageReference "realm-swift" */;
			productName = Realm;
		};
		2BFDAD0F2B3ADC000023B31D /* RealmSwift */ = {
			isa = XCSwiftPackageProductDependency;
			package = 2BFDAD0C2B3ADC000023B31D /* XCRemoteSwiftPackageReference "realm-swift" */;
			productName = RealmSwift;
		};
/* End XCSwiftPackageProductDependency section */

/* Begin XCVersionGroup section */
		2BAD55872B309C7800CC0598 /* CoreDataModel.xcdatamodeld */ = {
			isa = XCVersionGroup;
			children = (
				2BAD55882B309C7800CC0598 /* CoreData Model.xcdatamodel */,
				2BAD55892B309C7800CC0598 /* CoreDataModel.xcdatamodel */,
			);
			currentVersion = 2BAD55882B309C7800CC0598 /* CoreData Model.xcdatamodel */;
			path = CoreDataModel.xcdatamodeld;
			sourceTree = "<group>";
			versionGroupType = wrapper.xcdatamodel;
		};
/* End XCVersionGroup section */
	};
	rootObject = 2BC3BE8C2B2A02A400EB0654 /* Project object */;
}
